
Microsoft Visual Studio Solution File, Format Version 12.00
# Visual Studio Version 16
VisualStudioVersion = 16.0.31911.196
MinimumVisualStudioVersion = 10.0.40219.1
Project("{9A19103F-16F7-4668-BE54-9A1E7A4F7556}") = "API", "API\API.csproj", "{E989A9A7-79C8-4BEC-82A2-58D9AD94E2FA}"
EndProject
Project("{FAE04EC0-301F-11D3-BF4B-00C04F79EFBC}") = "Web_MVC", "Web_MVC\Web_MVC.csproj", "{69024CA6-63D3-48ED-851B-0363DC8DBDCD}"
EndProject
Global
	GlobalSection(SolutionConfigurationPlatforms) = preSolution
		Debug|Any CPU = Debug|Any CPU
		Release|Any CPU = Release|Any CPU
	EndGlobalSection
	GlobalSection(ProjectConfigurationPlatforms) = postSolution
		{E989A9A7-79C8-4BEC-82A2-58D9AD94E2FA}.Debug|Any CPU.ActiveCfg = Debug|Any CPU
		{E989A9A7-79C8-4BEC-82A2-58D9AD94E2FA}.Debug|Any CPU.Build.0 = Debug|Any CPU
		{E989A9A7-79C8-4BEC-82A2-58D9AD94E2FA}.Release|Any CPU.ActiveCfg = Release|Any CPU
		{E989A9A7-79C8-4BEC-82A2-58D9AD94E2FA}.Release|Any CPU.Build.0 = Release|Any CPU
		{69024CA6-63D3-48ED-851B-0363DC8DBDCD}.Debug|Any CPU.ActiveCfg = Debug|Any CPU
		{69024CA6-63D3-48ED-851B-0363DC8DBDCD}.Debug|Any CPU.Build.0 = Debug|Any CPU
		{69024CA6-63D3-48ED-851B-0363DC8DBDCD}.Release|Any CPU.ActiveCfg = Release|Any CPU
		{69024CA6-63D3-48ED-851B-0363DC8DBDCD}.Release|Any CPU.Build.0 = Release|Any CPU
	EndGlobalSection
	GlobalSection(SolutionProperties) = preSolution
		HideSolutionNode = FALSE
	EndGlobalSection
	GlobalSection(ExtensibilityGlobals) = postSolution
		SolutionGuid = {90DFA577-D2DF-4FFC-936B-74BEC155ED74}
	EndGlobalSection
EndGlobal
